
Microsoft Visual Studio Solution File, Format Version 12.00
# Visual Studio Version 17
VisualStudioVersion = 17.10.34928.147
MinimumVisualStudioVersion = 10.0.40219.1
Project("{9A19103F-16F7-4668-BE54-9A1E7A4F7556}") = "dms-api", "dms-api\dms-api.csproj", "{3254CADB-3078-4BEE-9B79-C3C266AA9140}"
EndProject
Project("{E53339B2-1760-4266-BCC7-CA923CBCF16C}") = "docker-compose", "docker-compose.dcproj", "{AE893CE7-A1EA-40FE-9412-F4D052CE4CBC}"
EndProject
Project("{9A19103F-16F7-4668-BE54-9A1E7A4F7556}") = "web-ui", "web-ui\web-ui.csproj", "{FFC073FC-6125-4579-9BDC-97DB1A782719}"
EndProject
Project("{9A19103F-16F7-4668-BE54-9A1E7A4F7556}") = "dms-dal", "dms-dal\dms-dal.csproj", "{748C0F83-A139-4380-8C49-6F5AAAE7417B}"
EndProject
Project("{9A19103F-16F7-4668-BE54-9A1E7A4F7556}") = "DocumentManagementSystem.Tests", "DocumentManagementSystem.Tests\DocumentManagementSystem.Tests.csproj", "{C6FFFF28-7638-4189-BF7F-F81ED3988B09}"
EndProject
Project("{FAE04EC0-301F-11D3-BF4B-00C04F79EFBC}") = "dms-bl", "dms-bl\dms-bl.csproj", "{2F57C8CB-538B-4593-B055-86B3A0AA2B60}"
EndProject
Project("{FAE04EC0-301F-11D3-BF4B-00C04F79EFBC}") = "dms-dal-new", "dms-dal-new\dms-dal-new.csproj", "{17CA1DFE-FF2E-4CDD-A4CD-2FEA8EA82F7B}"
EndProject
Global
	GlobalSection(SolutionConfigurationPlatforms) = preSolution
		Debug|Any CPU = Debug|Any CPU
		Release|Any CPU = Release|Any CPU
	EndGlobalSection
	GlobalSection(ProjectConfigurationPlatforms) = postSolution
		{3254CADB-3078-4BEE-9B79-C3C266AA9140}.Debug|Any CPU.ActiveCfg = Debug|Any CPU
		{3254CADB-3078-4BEE-9B79-C3C266AA9140}.Debug|Any CPU.Build.0 = Debug|Any CPU
		{3254CADB-3078-4BEE-9B79-C3C266AA9140}.Release|Any CPU.ActiveCfg = Release|Any CPU
		{3254CADB-3078-4BEE-9B79-C3C266AA9140}.Release|Any CPU.Build.0 = Release|Any CPU
		{AE893CE7-A1EA-40FE-9412-F4D052CE4CBC}.Debug|Any CPU.ActiveCfg = Debug|Any CPU
		{AE893CE7-A1EA-40FE-9412-F4D052CE4CBC}.Debug|Any CPU.Build.0 = Debug|Any CPU
		{AE893CE7-A1EA-40FE-9412-F4D052CE4CBC}.Release|Any CPU.ActiveCfg = Release|Any CPU
		{AE893CE7-A1EA-40FE-9412-F4D052CE4CBC}.Release|Any CPU.Build.0 = Release|Any CPU
		{FFC073FC-6125-4579-9BDC-97DB1A782719}.Debug|Any CPU.ActiveCfg = Debug|Any CPU
		{FFC073FC-6125-4579-9BDC-97DB1A782719}.Debug|Any CPU.Build.0 = Debug|Any CPU
		{FFC073FC-6125-4579-9BDC-97DB1A782719}.Release|Any CPU.ActiveCfg = Release|Any CPU
		{FFC073FC-6125-4579-9BDC-97DB1A782719}.Release|Any CPU.Build.0 = Release|Any CPU
		{748C0F83-A139-4380-8C49-6F5AAAE7417B}.Debug|Any CPU.ActiveCfg = Debug|Any CPU
		{748C0F83-A139-4380-8C49-6F5AAAE7417B}.Debug|Any CPU.Build.0 = Debug|Any CPU
		{748C0F83-A139-4380-8C49-6F5AAAE7417B}.Release|Any CPU.ActiveCfg = Release|Any CPU
		{748C0F83-A139-4380-8C49-6F5AAAE7417B}.Release|Any CPU.Build.0 = Release|Any CPU
		{C6FFFF28-7638-4189-BF7F-F81ED3988B09}.Debug|Any CPU.ActiveCfg = Debug|Any CPU
		{C6FFFF28-7638-4189-BF7F-F81ED3988B09}.Debug|Any CPU.Build.0 = Debug|Any CPU
		{C6FFFF28-7638-4189-BF7F-F81ED3988B09}.Release|Any CPU.ActiveCfg = Release|Any CPU
		{C6FFFF28-7638-4189-BF7F-F81ED3988B09}.Release|Any CPU.Build.0 = Release|Any CPU
		{2F57C8CB-538B-4593-B055-86B3A0AA2B60}.Debug|Any CPU.ActiveCfg = Debug|Any CPU
		{2F57C8CB-538B-4593-B055-86B3A0AA2B60}.Debug|Any CPU.Build.0 = Debug|Any CPU
		{2F57C8CB-538B-4593-B055-86B3A0AA2B60}.Release|Any CPU.ActiveCfg = Release|Any CPU
		{2F57C8CB-538B-4593-B055-86B3A0AA2B60}.Release|Any CPU.Build.0 = Release|Any CPU
		{17CA1DFE-FF2E-4CDD-A4CD-2FEA8EA82F7B}.Debug|Any CPU.ActiveCfg = Debug|Any CPU
		{17CA1DFE-FF2E-4CDD-A4CD-2FEA8EA82F7B}.Debug|Any CPU.Build.0 = Debug|Any CPU
		{17CA1DFE-FF2E-4CDD-A4CD-2FEA8EA82F7B}.Release|Any CPU.ActiveCfg = Release|Any CPU
		{17CA1DFE-FF2E-4CDD-A4CD-2FEA8EA82F7B}.Release|Any CPU.Build.0 = Release|Any CPU
	EndGlobalSection
	GlobalSection(SolutionProperties) = preSolution
		HideSolutionNode = FALSE
	EndGlobalSection
	GlobalSection(ExtensibilityGlobals) = postSolution
		SolutionGuid = {F7257197-A802-4B3F-B415-4492782E57C2}
	EndGlobalSection
EndGlobal
